// !$*UTF8*$!
{
	archiveVersion = 1;
	classes = {
	};
	objectVersion = 56;
	objects = {

/* Begin PBXBuildFile section */
		93CF42152ACB0784003D7C7C /* GoogleService-Info.plist in Resources */ = {isa = PBXBuildFile; fileRef = 93CF42142ACB0784003D7C7C /* GoogleService-Info.plist */; };
		93CF42182ACB0C16003D7C7C /* FirebaseAuth in Frameworks */ = {isa = PBXBuildFile; productRef = 93CF42172ACB0C16003D7C7C /* FirebaseAuth */; };
		93CF421A2ACB0C16003D7C7C /* FirebaseAuthCombine-Community in Frameworks */ = {isa = PBXBuildFile; productRef = 93CF42192ACB0C16003D7C7C /* FirebaseAuthCombine-Community */; };
		93CF421C2ACB0C16003D7C7C /* FirebaseCrashlytics in Frameworks */ = {isa = PBXBuildFile; productRef = 93CF421B2ACB0C16003D7C7C /* FirebaseCrashlytics */; };
		93CF421E2ACB0C16003D7C7C /* FirebaseDatabase in Frameworks */ = {isa = PBXBuildFile; productRef = 93CF421D2ACB0C16003D7C7C /* FirebaseDatabase */; };
		93CF42202ACB0C16003D7C7C /* FirebaseDatabaseSwift in Frameworks */ = {isa = PBXBuildFile; productRef = 93CF421F2ACB0C16003D7C7C /* FirebaseDatabaseSwift */; };
		93CF42222ACB0C16003D7C7C /* FirebaseFirestore in Frameworks */ = {isa = PBXBuildFile; productRef = 93CF42212ACB0C16003D7C7C /* FirebaseFirestore */; };
		93CF42242ACB0C16003D7C7C /* FirebaseFirestoreCombine-Community in Frameworks */ = {isa = PBXBuildFile; productRef = 93CF42232ACB0C16003D7C7C /* FirebaseFirestoreCombine-Community */; };
		93CF42262ACB0C16003D7C7C /* FirebaseFirestoreSwift in Frameworks */ = {isa = PBXBuildFile; productRef = 93CF42252ACB0C16003D7C7C /* FirebaseFirestoreSwift */; };
		93CF42282ACB0C16003D7C7C /* FirebaseFunctions in Frameworks */ = {isa = PBXBuildFile; productRef = 93CF42272ACB0C16003D7C7C /* FirebaseFunctions */; };
		93CF422A2ACB0C16003D7C7C /* FirebaseFunctionsCombine-Community in Frameworks */ = {isa = PBXBuildFile; productRef = 93CF42292ACB0C16003D7C7C /* FirebaseFunctionsCombine-Community */; };
		93CF422C2ACB0C16003D7C7C /* FirebaseInAppMessaging-Beta in Frameworks */ = {isa = PBXBuildFile; productRef = 93CF422B2ACB0C16003D7C7C /* FirebaseInAppMessaging-Beta */; };
		93CF422E2ACB0C16003D7C7C /* FirebaseInAppMessagingSwift-Beta in Frameworks */ = {isa = PBXBuildFile; productRef = 93CF422D2ACB0C16003D7C7C /* FirebaseInAppMessagingSwift-Beta */; };
		93CF42302ACB0C16003D7C7C /* FirebaseMessaging in Frameworks */ = {isa = PBXBuildFile; productRef = 93CF422F2ACB0C16003D7C7C /* FirebaseMessaging */; };
		93CF42322ACB0C16003D7C7C /* FirebaseStorage in Frameworks */ = {isa = PBXBuildFile; productRef = 93CF42312ACB0C16003D7C7C /* FirebaseStorage */; };
		93CF42342ACB0C16003D7C7C /* FirebaseStorageCombine-Community in Frameworks */ = {isa = PBXBuildFile; productRef = 93CF42332ACB0C16003D7C7C /* FirebaseStorageCombine-Community */; };
		93CF42362ACB4C4A003D7C7C /* DatabaseManager.swift in Sources */ = {isa = PBXBuildFile; fileRef = 93CF42352ACB4C4A003D7C7C /* DatabaseManager.swift */; };
		93E3F35C2AC97BEE0024C62E /* AppDelegate.swift in Sources */ = {isa = PBXBuildFile; fileRef = 93E3F35B2AC97BEE0024C62E /* AppDelegate.swift */; };
		93E3F35E2AC97BEE0024C62E /* SceneDelegate.swift in Sources */ = {isa = PBXBuildFile; fileRef = 93E3F35D2AC97BEE0024C62E /* SceneDelegate.swift */; };
		93E3F3602AC97BEE0024C62E /* ConversationsViewController.swift in Sources */ = {isa = PBXBuildFile; fileRef = 93E3F35F2AC97BEE0024C62E /* ConversationsViewController.swift */; };
		93E3F3632AC97BEE0024C62E /* Main.storyboard in Resources */ = {isa = PBXBuildFile; fileRef = 93E3F3612AC97BEE0024C62E /* Main.storyboard */; };
		93E3F3652AC97BEF0024C62E /* Assets.xcassets in Resources */ = {isa = PBXBuildFile; fileRef = 93E3F3642AC97BEF0024C62E /* Assets.xcassets */; };
		93E3F3682AC97BEF0024C62E /* LaunchScreen.storyboard in Resources */ = {isa = PBXBuildFile; fileRef = 93E3F3662AC97BEF0024C62E /* LaunchScreen.storyboard */; };
		93E3F3762AC981720024C62E /* LoginViewController.swift in Sources */ = {isa = PBXBuildFile; fileRef = 93E3F3752AC981720024C62E /* LoginViewController.swift */; };
		93E3F3782AC9817B0024C62E /* RegisterViewController.swift in Sources */ = {isa = PBXBuildFile; fileRef = 93E3F3772AC9817B0024C62E /* RegisterViewController.swift */; };
		93E3F37A2AC9818A0024C62E /* PhotoViewerViewController.swift in Sources */ = {isa = PBXBuildFile; fileRef = 93E3F3792AC9818A0024C62E /* PhotoViewerViewController.swift */; };
		93E3F37C2AC981940024C62E /* VideoPlayerViewController.swift in Sources */ = {isa = PBXBuildFile; fileRef = 93E3F37B2AC981940024C62E /* VideoPlayerViewController.swift */; };
		93E3F37E2AC981B10024C62E /* NewConversationViewController.swift in Sources */ = {isa = PBXBuildFile; fileRef = 93E3F37D2AC981B10024C62E /* NewConversationViewController.swift */; };
		93E3F3802AC981BA0024C62E /* ProfileViewController.swift in Sources */ = {isa = PBXBuildFile; fileRef = 93E3F37F2AC981BA0024C62E /* ProfileViewController.swift */; };
		93E3F3832AC98ED20024C62E /* Extensions.swift in Sources */ = {isa = PBXBuildFile; fileRef = 93E3F3822AC98ED20024C62E /* Extensions.swift */; };
/* End PBXBuildFile section */

/* Begin PBXFileReference section */
		93CF42142ACB0784003D7C7C /* GoogleService-Info.plist */ = {isa = PBXFileReference; fileEncoding = 4; lastKnownFileType = text.plist.xml; path = "GoogleService-Info.plist"; sourceTree = "<group>"; };
		93CF42352ACB4C4A003D7C7C /* DatabaseManager.swift */ = {isa = PBXFileReference; lastKnownFileType = sourcecode.swift; path = DatabaseManager.swift; sourceTree = "<group>"; };
		93E3F3582AC97BEE0024C62E /* ChatF.app */ = {isa = PBXFileReference; explicitFileType = wrapper.application; includeInIndex = 0; path = ChatF.app; sourceTree = BUILT_PRODUCTS_DIR; };
		93E3F35B2AC97BEE0024C62E /* AppDelegate.swift */ = {isa = PBXFileReference; lastKnownFileType = sourcecode.swift; path = AppDelegate.swift; sourceTree = "<group>"; };
		93E3F35D2AC97BEE0024C62E /* SceneDelegate.swift */ = {isa = PBXFileReference; lastKnownFileType = sourcecode.swift; path = SceneDelegate.swift; sourceTree = "<group>"; };
		93E3F35F2AC97BEE0024C62E /* ConversationsViewController.swift */ = {isa = PBXFileReference; lastKnownFileType = sourcecode.swift; path = ConversationsViewController.swift; sourceTree = "<group>"; };
		93E3F3622AC97BEE0024C62E /* Base */ = {isa = PBXFileReference; lastKnownFileType = file.storyboard; name = Base; path = Base.lproj/Main.storyboard; sourceTree = "<group>"; };
		93E3F3642AC97BEF0024C62E /* Assets.xcassets */ = {isa = PBXFileReference; lastKnownFileType = folder.assetcatalog; path = Assets.xcassets; sourceTree = "<group>"; };
		93E3F3672AC97BEF0024C62E /* Base */ = {isa = PBXFileReference; lastKnownFileType = file.storyboard; name = Base; path = Base.lproj/LaunchScreen.storyboard; sourceTree = "<group>"; };
		93E3F3692AC97BEF0024C62E /* Info.plist */ = {isa = PBXFileReference; lastKnownFileType = text.plist.xml; path = Info.plist; sourceTree = "<group>"; };
		93E3F3752AC981720024C62E /* LoginViewController.swift */ = {isa = PBXFileReference; lastKnownFileType = sourcecode.swift; path = LoginViewController.swift; sourceTree = "<group>"; };
		93E3F3772AC9817B0024C62E /* RegisterViewController.swift */ = {isa = PBXFileReference; lastKnownFileType = sourcecode.swift; path = RegisterViewController.swift; sourceTree = "<group>"; };
		93E3F3792AC9818A0024C62E /* PhotoViewerViewController.swift */ = {isa = PBXFileReference; lastKnownFileType = sourcecode.swift; path = PhotoViewerViewController.swift; sourceTree = "<group>"; };
		93E3F37B2AC981940024C62E /* VideoPlayerViewController.swift */ = {isa = PBXFileReference; lastKnownFileType = sourcecode.swift; path = VideoPlayerViewController.swift; sourceTree = "<group>"; };
		93E3F37D2AC981B10024C62E /* NewConversationViewController.swift */ = {isa = PBXFileReference; lastKnownFileType = sourcecode.swift; path = NewConversationViewController.swift; sourceTree = "<group>"; };
		93E3F37F2AC981BA0024C62E /* ProfileViewController.swift */ = {isa = PBXFileReference; lastKnownFileType = sourcecode.swift; path = ProfileViewController.swift; sourceTree = "<group>"; };
		93E3F3822AC98ED20024C62E /* Extensions.swift */ = {isa = PBXFileReference; lastKnownFileType = sourcecode.swift; path = Extensions.swift; sourceTree = "<group>"; };
/* End PBXFileReference section */

/* Begin PBXFrameworksBuildPhase section */
		93E3F3552AC97BEE0024C62E /* Frameworks */ = {
			isa = PBXFrameworksBuildPhase;
			buildActionMask = 2147483647;
			files = (
				93CF42202ACB0C16003D7C7C /* FirebaseDatabaseSwift in Frameworks */,
				93CF421C2ACB0C16003D7C7C /* FirebaseCrashlytics in Frameworks */,
				93CF42182ACB0C16003D7C7C /* FirebaseAuth in Frameworks */,
				93CF422A2ACB0C16003D7C7C /* FirebaseFunctionsCombine-Community in Frameworks */,
				93CF42282ACB0C16003D7C7C /* FirebaseFunctions in Frameworks */,
				93CF421E2ACB0C16003D7C7C /* FirebaseDatabase in Frameworks */,
				93CF422C2ACB0C16003D7C7C /* FirebaseInAppMessaging-Beta in Frameworks */,
				93CF42342ACB0C16003D7C7C /* FirebaseStorageCombine-Community in Frameworks */,
				93CF421A2ACB0C16003D7C7C /* FirebaseAuthCombine-Community in Frameworks */,
				93CF42302ACB0C16003D7C7C /* FirebaseMessaging in Frameworks */,
				93CF42222ACB0C16003D7C7C /* FirebaseFirestore in Frameworks */,
				93CF42242ACB0C16003D7C7C /* FirebaseFirestoreCombine-Community in Frameworks */,
				93CF42322ACB0C16003D7C7C /* FirebaseStorage in Frameworks */,
				93CF422E2ACB0C16003D7C7C /* FirebaseInAppMessagingSwift-Beta in Frameworks */,
				93CF42262ACB0C16003D7C7C /* FirebaseFirestoreSwift in Frameworks */,
			);
			runOnlyForDeploymentPostprocessing = 0;
		};
/* End PBXFrameworksBuildPhase section */

/* Begin PBXGroup section */
		93E3F34F2AC97BEE0024C62E = {
			isa = PBXGroup;
			children = (
				93E3F35A2AC97BEE0024C62E /* ChatF */,
				93E3F3592AC97BEE0024C62E /* Products */,
			);
			sourceTree = "<group>";
		};
		93E3F3592AC97BEE0024C62E /* Products */ = {
			isa = PBXGroup;
			children = (
				93E3F3582AC97BEE0024C62E /* ChatF.app */,
			);
			name = Products;
			sourceTree = "<group>";
		};
		93E3F35A2AC97BEE0024C62E /* ChatF */ = {
			isa = PBXGroup;
			children = (
				93CF42142ACB0784003D7C7C /* GoogleService-Info.plist */,
				93E3F3732AC97ED80024C62E /* Resources */,
				93E3F3722AC97ED00024C62E /* ViewModels */,
				93E3F3712AC97EC80024C62E /* Models */,
				93E3F3702AC97EBA0024C62E /* Views */,
				93E3F36F2AC97EAB0024C62E /* Controllers */,
				93E3F3692AC97BEF0024C62E /* Info.plist */,
			);
			path = ChatF;
			sourceTree = "<group>";
		};
		93E3F36F2AC97EAB0024C62E /* Controllers */ = {
			isa = PBXGroup;
			children = (
				93E3F35F2AC97BEE0024C62E /* ConversationsViewController.swift */,
				93E3F3812AC984EE0024C62E /* Login */,
				93E3F3792AC9818A0024C62E /* PhotoViewerViewController.swift */,
				93E3F37B2AC981940024C62E /* VideoPlayerViewController.swift */,
				93E3F37D2AC981B10024C62E /* NewConversationViewController.swift */,
				93E3F37F2AC981BA0024C62E /* ProfileViewController.swift */,
			);
			path = Controllers;
			sourceTree = "<group>";
		};
		93E3F3702AC97EBA0024C62E /* Views */ = {
			isa = PBXGroup;
			children = (
				93E3F3742AC97F9F0024C62E /* Storyboards */,
				93E3F3642AC97BEF0024C62E /* Assets.xcassets */,
			);
			path = Views;
			sourceTree = "<group>";
		};
		93E3F3712AC97EC80024C62E /* Models */ = {
			isa = PBXGroup;
			children = (
			);
			path = Models;
			sourceTree = "<group>";
		};
		93E3F3722AC97ED00024C62E /* ViewModels */ = {
			isa = PBXGroup;
			children = (
			);
			path = ViewModels;
			sourceTree = "<group>";
		};
		93E3F3732AC97ED80024C62E /* Resources */ = {
			isa = PBXGroup;
			children = (
				93E3F35B2AC97BEE0024C62E /* AppDelegate.swift */,
				93E3F35D2AC97BEE0024C62E /* SceneDelegate.swift */,
				93E3F3822AC98ED20024C62E /* Extensions.swift */,
				93CF42352ACB4C4A003D7C7C /* DatabaseManager.swift */,
			);
			path = Resources;
			sourceTree = "<group>";
		};
		93E3F3742AC97F9F0024C62E /* Storyboards */ = {
			isa = PBXGroup;
			children = (
				93E3F3662AC97BEF0024C62E /* LaunchScreen.storyboard */,
				93E3F3612AC97BEE0024C62E /* Main.storyboard */,
			);
			path = Storyboards;
			sourceTree = "<group>";
		};
		93E3F3812AC984EE0024C62E /* Login */ = {
			isa = PBXGroup;
			children = (
				93E3F3752AC981720024C62E /* LoginViewController.swift */,
				93E3F3772AC9817B0024C62E /* RegisterViewController.swift */,
			);
			path = Login;
			sourceTree = "<group>";
		};
/* End PBXGroup section */

/* Begin PBXNativeTarget section */
		93E3F3572AC97BEE0024C62E /* ChatF */ = {
			isa = PBXNativeTarget;
			buildConfigurationList = 93E3F36C2AC97BEF0024C62E /* Build configuration list for PBXNativeTarget "ChatF" */;
			buildPhases = (
				93E3F3542AC97BEE0024C62E /* Sources */,
				93E3F3552AC97BEE0024C62E /* Frameworks */,
				93E3F3562AC97BEE0024C62E /* Resources */,
			);
			buildRules = (
			);
			dependencies = (
			);
			name = ChatF;
			packageProductDependencies = (
				93CF42172ACB0C16003D7C7C /* FirebaseAuth */,
				93CF42192ACB0C16003D7C7C /* FirebaseAuthCombine-Community */,
				93CF421B2ACB0C16003D7C7C /* FirebaseCrashlytics */,
				93CF421D2ACB0C16003D7C7C /* FirebaseDatabase */,
				93CF421F2ACB0C16003D7C7C /* FirebaseDatabaseSwift */,
				93CF42212ACB0C16003D7C7C /* FirebaseFirestore */,
				93CF42232ACB0C16003D7C7C /* FirebaseFirestoreCombine-Community */,
				93CF42252ACB0C16003D7C7C /* FirebaseFirestoreSwift */,
				93CF42272ACB0C16003D7C7C /* FirebaseFunctions */,
				93CF42292ACB0C16003D7C7C /* FirebaseFunctionsCombine-Community */,
				93CF422B2ACB0C16003D7C7C /* FirebaseInAppMessaging-Beta */,
				93CF422D2ACB0C16003D7C7C /* FirebaseInAppMessagingSwift-Beta */,
				93CF422F2ACB0C16003D7C7C /* FirebaseMessaging */,
				93CF42312ACB0C16003D7C7C /* FirebaseStorage */,
				93CF42332ACB0C16003D7C7C /* FirebaseStorageCombine-Community */,
			);
			productName = ChatF;
			productReference = 93E3F3582AC97BEE0024C62E /* ChatF.app */;
			productType = "com.apple.product-type.application";
		};
/* End PBXNativeTarget section */

/* Begin PBXProject section */
		93E3F3502AC97BEE0024C62E /* Project object */ = {
			isa = PBXProject;
			attributes = {
				BuildIndependentTargetsInParallel = 1;
				LastSwiftUpdateCheck = 1430;
				LastUpgradeCheck = 1430;
				TargetAttributes = {
					93E3F3572AC97BEE0024C62E = {
						CreatedOnToolsVersion = 14.3.1;
					};
				};
			};
			buildConfigurationList = 93E3F3532AC97BEE0024C62E /* Build configuration list for PBXProject "ChatF" */;
			compatibilityVersion = "Xcode 14.0";
			developmentRegion = en;
			hasScannedForEncodings = 0;
			knownRegions = (
				en,
				Base,
			);
			mainGroup = 93E3F34F2AC97BEE0024C62E;
			packageReferences = (
				93CF42162ACB0C16003D7C7C /* XCRemoteSwiftPackageReference "firebase-ios-sdk" */,
			);
			productRefGroup = 93E3F3592AC97BEE0024C62E /* Products */;
			projectDirPath = "";
			projectRoot = "";
			targets = (
				93E3F3572AC97BEE0024C62E /* ChatF */,
			);
		};
/* End PBXProject section */

/* Begin PBXResourcesBuildPhase section */
		93E3F3562AC97BEE0024C62E /* Resources */ = {
			isa = PBXResourcesBuildPhase;
			buildActionMask = 2147483647;
			files = (
				93E3F3682AC97BEF0024C62E /* LaunchScreen.storyboard in Resources */,
				93CF42152ACB0784003D7C7C /* GoogleService-Info.plist in Resources */,
				93E3F3652AC97BEF0024C62E /* Assets.xcassets in Resources */,
				93E3F3632AC97BEE0024C62E /* Main.storyboard in Resources */,
			);
			runOnlyForDeploymentPostprocessing = 0;
		};
/* End PBXResourcesBuildPhase section */

/* Begin PBXSourcesBuildPhase section */
		93E3F3542AC97BEE0024C62E /* Sources */ = {
			isa = PBXSourcesBuildPhase;
			buildActionMask = 2147483647;
			files = (
				93E3F3762AC981720024C62E /* LoginViewController.swift in Sources */,
				93CF42362ACB4C4A003D7C7C /* DatabaseManager.swift in Sources */,
				93E3F3782AC9817B0024C62E /* RegisterViewController.swift in Sources */,
				93E3F37E2AC981B10024C62E /* NewConversationViewController.swift in Sources */,
				93E3F3602AC97BEE0024C62E /* ConversationsViewController.swift in Sources */,
				93E3F37C2AC981940024C62E /* VideoPlayerViewController.swift in Sources */,
				93E3F3832AC98ED20024C62E /* Extensions.swift in Sources */,
				93E3F35C2AC97BEE0024C62E /* AppDelegate.swift in Sources */,
				93E3F3802AC981BA0024C62E /* ProfileViewController.swift in Sources */,
				93E3F35E2AC97BEE0024C62E /* SceneDelegate.swift in Sources */,
				93E3F37A2AC9818A0024C62E /* PhotoViewerViewController.swift in Sources */,
			);
			runOnlyForDeploymentPostprocessing = 0;
		};
/* End PBXSourcesBuildPhase section */

/* Begin PBXVariantGroup section */
		93E3F3612AC97BEE0024C62E /* Main.storyboard */ = {
			isa = PBXVariantGroup;
			children = (
				93E3F3622AC97BEE0024C62E /* Base */,
			);
			name = Main.storyboard;
			sourceTree = "<group>";
		};
		93E3F3662AC97BEF0024C62E /* LaunchScreen.storyboard */ = {
			isa = PBXVariantGroup;
			children = (
				93E3F3672AC97BEF0024C62E /* Base */,
			);
			name = LaunchScreen.storyboard;
			sourceTree = "<group>";
		};
/* End PBXVariantGroup section */

/* Begin XCBuildConfiguration section */
		93E3F36A2AC97BEF0024C62E /* Debug */ = {
			isa = XCBuildConfiguration;
			buildSettings = {
				ALWAYS_SEARCH_USER_PATHS = NO;
				CLANG_ANALYZER_NONNULL = YES;
				CLANG_ANALYZER_NUMBER_OBJECT_CONVERSION = YES_AGGRESSIVE;
				CLANG_CXX_LANGUAGE_STANDARD = "gnu++20";
				CLANG_ENABLE_MODULES = YES;
				CLANG_ENABLE_OBJC_ARC = YES;
				CLANG_ENABLE_OBJC_WEAK = YES;
				CLANG_WARN_BLOCK_CAPTURE_AUTORELEASING = YES;
				CLANG_WARN_BOOL_CONVERSION = YES;
				CLANG_WARN_COMMA = YES;
				CLANG_WARN_CONSTANT_CONVERSION = YES;
				CLANG_WARN_DEPRECATED_OBJC_IMPLEMENTATIONS = YES;
				CLANG_WARN_DIRECT_OBJC_ISA_USAGE = YES_ERROR;
				CLANG_WARN_DOCUMENTATION_COMMENTS = YES;
				CLANG_WARN_EMPTY_BODY = YES;
				CLANG_WARN_ENUM_CONVERSION = YES;
				CLANG_WARN_INFINITE_RECURSION = YES;
				CLANG_WARN_INT_CONVERSION = YES;
				CLANG_WARN_NON_LITERAL_NULL_CONVERSION = YES;
				CLANG_WARN_OBJC_IMPLICIT_RETAIN_SELF = YES;
				CLANG_WARN_OBJC_LITERAL_CONVERSION = YES;
				CLANG_WARN_OBJC_ROOT_CLASS = YES_ERROR;
				CLANG_WARN_QUOTED_INCLUDE_IN_FRAMEWORK_HEADER = YES;
				CLANG_WARN_RANGE_LOOP_ANALYSIS = YES;
				CLANG_WARN_STRICT_PROTOTYPES = YES;
				CLANG_WARN_SUSPICIOUS_MOVE = YES;
				CLANG_WARN_UNGUARDED_AVAILABILITY = YES_AGGRESSIVE;
				CLANG_WARN_UNREACHABLE_CODE = YES;
				CLANG_WARN__DUPLICATE_METHOD_MATCH = YES;
				COPY_PHASE_STRIP = NO;
				DEBUG_INFORMATION_FORMAT = dwarf;
				ENABLE_STRICT_OBJC_MSGSEND = YES;
				ENABLE_TESTABILITY = YES;
				GCC_C_LANGUAGE_STANDARD = gnu11;
				GCC_DYNAMIC_NO_PIC = NO;
				GCC_NO_COMMON_BLOCKS = YES;
				GCC_OPTIMIZATION_LEVEL = 0;
				GCC_PREPROCESSOR_DEFINITIONS = (
					"DEBUG=1",
					"$(inherited)",
				);
				GCC_WARN_64_TO_32_BIT_CONVERSION = YES;
				GCC_WARN_ABOUT_RETURN_TYPE = YES_ERROR;
				GCC_WARN_UNDECLARED_SELECTOR = YES;
				GCC_WARN_UNINITIALIZED_AUTOS = YES_AGGRESSIVE;
				GCC_WARN_UNUSED_FUNCTION = YES;
				GCC_WARN_UNUSED_VARIABLE = YES;
				IPHONEOS_DEPLOYMENT_TARGET = 16.4;
				MTL_ENABLE_DEBUG_INFO = INCLUDE_SOURCE;
				MTL_FAST_MATH = YES;
				ONLY_ACTIVE_ARCH = YES;
				SDKROOT = iphoneos;
				SWIFT_ACTIVE_COMPILATION_CONDITIONS = DEBUG;
				SWIFT_OPTIMIZATION_LEVEL = "-Onone";
			};
			name = Debug;
		};
		93E3F36B2AC97BEF0024C62E /* Release */ = {
			isa = XCBuildConfiguration;
			buildSettings = {
				ALWAYS_SEARCH_USER_PATHS = NO;
				CLANG_ANALYZER_NONNULL = YES;
				CLANG_ANALYZER_NUMBER_OBJECT_CONVERSION = YES_AGGRESSIVE;
				CLANG_CXX_LANGUAGE_STANDARD = "gnu++20";
				CLANG_ENABLE_MODULES = YES;
				CLANG_ENABLE_OBJC_ARC = YES;
				CLANG_ENABLE_OBJC_WEAK = YES;
				CLANG_WARN_BLOCK_CAPTURE_AUTORELEASING = YES;
				CLANG_WARN_BOOL_CONVERSION = YES;
				CLANG_WARN_COMMA = YES;
				CLANG_WARN_CONSTANT_CONVERSION = YES;
				CLANG_WARN_DEPRECATED_OBJC_IMPLEMENTATIONS = YES;
				CLANG_WARN_DIRECT_OBJC_ISA_USAGE = YES_ERROR;
				CLANG_WARN_DOCUMENTATION_COMMENTS = YES;
				CLANG_WARN_EMPTY_BODY = YES;
				CLANG_WARN_ENUM_CONVERSION = YES;
				CLANG_WARN_INFINITE_RECURSION = YES;
				CLANG_WARN_INT_CONVERSION = YES;
				CLANG_WARN_NON_LITERAL_NULL_CONVERSION = YES;
				CLANG_WARN_OBJC_IMPLICIT_RETAIN_SELF = YES;
				CLANG_WARN_OBJC_LITERAL_CONVERSION = YES;
				CLANG_WARN_OBJC_ROOT_CLASS = YES_ERROR;
				CLANG_WARN_QUOTED_INCLUDE_IN_FRAMEWORK_HEADER = YES;
				CLANG_WARN_RANGE_LOOP_ANALYSIS = YES;
				CLANG_WARN_STRICT_PROTOTYPES = YES;
				CLANG_WARN_SUSPICIOUS_MOVE = YES;
				CLANG_WARN_UNGUARDED_AVAILABILITY = YES_AGGRESSIVE;
				CLANG_WARN_UNREACHABLE_CODE = YES;
				CLANG_WARN__DUPLICATE_METHOD_MATCH = YES;
				COPY_PHASE_STRIP = NO;
				DEBUG_INFORMATION_FORMAT = "dwarf-with-dsym";
				ENABLE_NS_ASSERTIONS = NO;
				ENABLE_STRICT_OBJC_MSGSEND = YES;
				GCC_C_LANGUAGE_STANDARD = gnu11;
				GCC_NO_COMMON_BLOCKS = YES;
				GCC_WARN_64_TO_32_BIT_CONVERSION = YES;
				GCC_WARN_ABOUT_RETURN_TYPE = YES_ERROR;
				GCC_WARN_UNDECLARED_SELECTOR = YES;
				GCC_WARN_UNINITIALIZED_AUTOS = YES_AGGRESSIVE;
				GCC_WARN_UNUSED_FUNCTION = YES;
				GCC_WARN_UNUSED_VARIABLE = YES;
				IPHONEOS_DEPLOYMENT_TARGET = 16.4;
				MTL_ENABLE_DEBUG_INFO = NO;
				MTL_FAST_MATH = YES;
				SDKROOT = iphoneos;
				SWIFT_COMPILATION_MODE = wholemodule;
				SWIFT_OPTIMIZATION_LEVEL = "-O";
				VALIDATE_PRODUCT = YES;
			};
			name = Release;
		};
		93E3F36D2AC97BEF0024C62E /* Debug */ = {
			isa = XCBuildConfiguration;
			buildSettings = {
				ASSETCATALOG_COMPILER_APPICON_NAME = AppIcon;
				ASSETCATALOG_COMPILER_GLOBAL_ACCENT_COLOR_NAME = AccentColor;
				CODE_SIGN_STYLE = Automatic;
				CURRENT_PROJECT_VERSION = 1;
				DEVELOPMENT_TEAM = SDRFCCMG85;
				GENERATE_INFOPLIST_FILE = YES;
				INFOPLIST_FILE = ChatF/Info.plist;
				INFOPLIST_KEY_NSCameraUsageDescription = "Please allow access to take a profile picture.";
				INFOPLIST_KEY_NSPhotoLibraryUsageDescription = "Please allow access to select a photo for your profile.";
				INFOPLIST_KEY_UIApplicationSupportsIndirectInputEvents = YES;
				INFOPLIST_KEY_UILaunchStoryboardName = LaunchScreen;
				INFOPLIST_KEY_UIMainStoryboardFile = Main;
				INFOPLIST_KEY_UISupportedInterfaceOrientations = UIInterfaceOrientationPortrait;
				IPHONEOS_DEPLOYMENT_TARGET = 15.0;
				LD_RUNPATH_SEARCH_PATHS = (
					"$(inherited)",
					"@executable_path/Frameworks",
				);
				MARKETING_VERSION = 1.0;
				PRODUCT_BUNDLE_IDENTIFIER = com.kadiirhocaoglu.ChatF;
				PRODUCT_NAME = "$(TARGET_NAME)";
				SUPPORTED_PLATFORMS = "iphoneos iphonesimulator";
				SUPPORTS_MACCATALYST = NO;
				SUPPORTS_MAC_DESIGNED_FOR_IPHONE_IPAD = NO;
				SWIFT_EMIT_LOC_STRINGS = YES;
				SWIFT_VERSION = 5.0;
				TARGETED_DEVICE_FAMILY = "1,2";
			};
			name = Debug;
		};
		93E3F36E2AC97BEF0024C62E /* Release */ = {
			isa = XCBuildConfiguration;
			buildSettings = {
				ASSETCATALOG_COMPILER_APPICON_NAME = AppIcon;
				ASSETCATALOG_COMPILER_GLOBAL_ACCENT_COLOR_NAME = AccentColor;
				CODE_SIGN_STYLE = Automatic;
				CURRENT_PROJECT_VERSION = 1;
				DEVELOPMENT_TEAM = SDRFCCMG85;
				GENERATE_INFOPLIST_FILE = YES;
				INFOPLIST_FILE = ChatF/Info.plist;
				INFOPLIST_KEY_NSCameraUsageDescription = "Please allow access to take a profile picture.";
				INFOPLIST_KEY_NSPhotoLibraryUsageDescription = "Please allow access to select a photo for your profile.";
				INFOPLIST_KEY_UIApplicationSupportsIndirectInputEvents = YES;
				INFOPLIST_KEY_UILaunchStoryboardName = LaunchScreen;
				INFOPLIST_KEY_UIMainStoryboardFile = Main;
				INFOPLIST_KEY_UISupportedInterfaceOrientations = UIInterfaceOrientationPortrait;
				IPHONEOS_DEPLOYMENT_TARGET = 15.0;
				LD_RUNPATH_SEARCH_PATHS = (
					"$(inherited)",
					"@executable_path/Frameworks",
				);
				MARKETING_VERSION = 1.0;
				PRODUCT_BUNDLE_IDENTIFIER = com.kadiirhocaoglu.ChatF;
				PRODUCT_NAME = "$(TARGET_NAME)";
				SUPPORTED_PLATFORMS = "iphoneos iphonesimulator";
				SUPPORTS_MACCATALYST = NO;
				SUPPORTS_MAC_DESIGNED_FOR_IPHONE_IPAD = NO;
				SWIFT_EMIT_LOC_STRINGS = YES;
				SWIFT_VERSION = 5.0;
				TARGETED_DEVICE_FAMILY = "1,2";
			};
			name = Release;
		};
/* End XCBuildConfiguration section */

/* Begin XCConfigurationList section */
		93E3F3532AC97BEE0024C62E /* Build configuration list for PBXProject "ChatF" */ = {
			isa = XCConfigurationList;
			buildConfigurations = (
				93E3F36A2AC97BEF0024C62E /* Debug */,
				93E3F36B2AC97BEF0024C62E /* Release */,
			);
			defaultConfigurationIsVisible = 0;
			defaultConfigurationName = Release;
		};
		93E3F36C2AC97BEF0024C62E /* Build configuration list for PBXNativeTarget "ChatF" */ = {
			isa = XCConfigurationList;
			buildConfigurations = (
				93E3F36D2AC97BEF0024C62E /* Debug */,
				93E3F36E2AC97BEF0024C62E /* Release */,
			);
			defaultConfigurationIsVisible = 0;
			defaultConfigurationName = Release;
		};
/* End XCConfigurationList section */

/* Begin XCRemoteSwiftPackageReference section */
		93CF42162ACB0C16003D7C7C /* XCRemoteSwiftPackageReference "firebase-ios-sdk" */ = {
			isa = XCRemoteSwiftPackageReference;
			repositoryURL = "https://github.com/firebase/firebase-ios-sdk";
			requirement = {
				kind = upToNextMajorVersion;
				minimumVersion = 10.0.0;
			};
		};
/* End XCRemoteSwiftPackageReference section */

/* Begin XCSwiftPackageProductDependency section */
		93CF42172ACB0C16003D7C7C /* FirebaseAuth */ = {
			isa = XCSwiftPackageProductDependency;
			package = 93CF42162ACB0C16003D7C7C /* XCRemoteSwiftPackageReference "firebase-ios-sdk" */;
			productName = FirebaseAuth;
		};
		93CF42192ACB0C16003D7C7C /* FirebaseAuthCombine-Community */ = {
			isa = XCSwiftPackageProductDependency;
			package = 93CF42162ACB0C16003D7C7C /* XCRemoteSwiftPackageReference "firebase-ios-sdk" */;
			productName = "FirebaseAuthCombine-Community";
		};
		93CF421B2ACB0C16003D7C7C /* FirebaseCrashlytics */ = {
			isa = XCSwiftPackageProductDependency;
			package = 93CF42162ACB0C16003D7C7C /* XCRemoteSwiftPackageReference "firebase-ios-sdk" */;
			productName = FirebaseCrashlytics;
		};
		93CF421D2ACB0C16003D7C7C /* FirebaseDatabase */ = {
			isa = XCSwiftPackageProductDependency;
			package = 93CF42162ACB0C16003D7C7C /* XCRemoteSwiftPackageReference "firebase-ios-sdk" */;
			productName = FirebaseDatabase;
		};
		93CF421F2ACB0C16003D7C7C /* FirebaseDatabaseSwift */ = {
			isa = XCSwiftPackageProductDependency;
			package = 93CF42162ACB0C16003D7C7C /* XCRemoteSwiftPackageReference "firebase-ios-sdk" */;
			productName = FirebaseDatabaseSwift;
		};
		93CF42212ACB0C16003D7C7C /* FirebaseFirestore */ = {
			isa = XCSwiftPackageProductDependency;
			package = 93CF42162ACB0C16003D7C7C /* XCRemoteSwiftPackageReference "firebase-ios-sdk" */;
			productName = FirebaseFirestore;
		};
		93CF42232ACB0C16003D7C7C /* FirebaseFirestoreCombine-Community */ = {
			isa = XCSwiftPackageProductDependency;
			package = 93CF42162ACB0C16003D7C7C /* XCRemoteSwiftPackageReference "firebase-ios-sdk" */;
			productName = "FirebaseFirestoreCombine-Community";
		};
		93CF42252ACB0C16003D7C7C /* FirebaseFirestoreSwift */ = {
			isa = XCSwiftPackageProductDependency;
			package = 93CF42162ACB0C16003D7C7C /* XCRemoteSwiftPackageReference "firebase-ios-sdk" */;
			productName = FirebaseFirestoreSwift;
		};
		93CF42272ACB0C16003D7C7C /* FirebaseFunctions */ = {
			isa = XCSwiftPackageProductDependency;
			package = 93CF42162ACB0C16003D7C7C /* XCRemoteSwiftPackageReference "firebase-ios-sdk" */;
			productName = FirebaseFunctions;
		};
		93CF42292ACB0C16003D7C7C /* FirebaseFunctionsCombine-Community */ = {
			isa = XCSwiftPackageProductDependency;
			package = 93CF42162ACB0C16003D7C7C /* XCRemoteSwiftPackageReference "firebase-ios-sdk" */;
			productName = "FirebaseFunctionsCombine-Community";
		};
		93CF422B2ACB0C16003D7C7C /* FirebaseInAppMessaging-Beta */ = {
			isa = XCSwiftPackageProductDependency;
			package = 93CF42162ACB0C16003D7C7C /* XCRemoteSwiftPackageReference "firebase-ios-sdk" */;
			productName = "FirebaseInAppMessaging-Beta";
		};
		93CF422D2ACB0C16003D7C7C /* FirebaseInAppMessagingSwift-Beta */ = {
			isa = XCSwiftPackageProductDependency;
			package = 93CF42162ACB0C16003D7C7C /* XCRemoteSwiftPackageReference "firebase-ios-sdk" */;
			productName = "FirebaseInAppMessagingSwift-Beta";
		};
		93CF422F2ACB0C16003D7C7C /* FirebaseMessaging */ = {
			isa = XCSwiftPackageProductDependency;
			package = 93CF42162ACB0C16003D7C7C /* XCRemoteSwiftPackageReference "firebase-ios-sdk" */;
			productName = FirebaseMessaging;
		};
		93CF42312ACB0C16003D7C7C /* FirebaseStorage */ = {
			isa = XCSwiftPackageProductDependency;
			package = 93CF42162ACB0C16003D7C7C /* XCRemoteSwiftPackageReference "firebase-ios-sdk" */;
			productName = FirebaseStorage;
		};
		93CF42332ACB0C16003D7C7C /* FirebaseStorageCombine-Community */ = {
			isa = XCSwiftPackageProductDependency;
			package = 93CF42162ACB0C16003D7C7C /* XCRemoteSwiftPackageReference "firebase-ios-sdk" */;
			productName = "FirebaseStorageCombine-Community";
		};
/* End XCSwiftPackageProductDependency section */
	};
	rootObject = 93E3F3502AC97BEE0024C62E /* Project object */;
}
